
Microsoft Visual Studio Solution File, Format Version 12.00
# Visual Studio Version 17
VisualStudioVersion = 17.5.002.0
MinimumVisualStudioVersion = 10.0.40219.1
Project("{2150E333-8FDC-42A3-9474-1A3956D46DE8}") = "Programming_2-C#", "Programming_2-C#", "{498E31B0-27AC-427C-96BF-4EC7182E5BAA}"
EndProject
Project("{2150E333-8FDC-42A3-9474-1A3956D46DE8}") = "Projects", "Projects", "{033B6B7D-A36D-4DAB-8115-9DF04293176D}"
EndProject
Project("{9A19103F-16F7-4668-BE54-9A1E7A4F7556}") = "Programming_2-C#", "Programming_2-C#\Projects\Programming_2-C#\Programming_2-C#.csproj", "{593EFF9E-E1F8-4D26-978E-66067B4AABEF}"
EndProject
Global
	GlobalSection(SolutionConfigurationPlatforms) = preSolution
		Debug|Any CPU = Debug|Any CPU
		Release|Any CPU = Release|Any CPU
	EndGlobalSection
	GlobalSection(ProjectConfigurationPlatforms) = postSolution
		{593EFF9E-E1F8-4D26-978E-66067B4AABEF}.Debug|Any CPU.ActiveCfg = Debug|Any CPU
		{593EFF9E-E1F8-4D26-978E-66067B4AABEF}.Debug|Any CPU.Build.0 = Debug|Any CPU
		{593EFF9E-E1F8-4D26-978E-66067B4AABEF}.Release|Any CPU.ActiveCfg = Release|Any CPU
		{593EFF9E-E1F8-4D26-978E-66067B4AABEF}.Release|Any CPU.Build.0 = Release|Any CPU
	EndGlobalSection
	GlobalSection(SolutionProperties) = preSolution
		HideSolutionNode = FALSE
	EndGlobalSection
	GlobalSection(NestedProjects) = preSolution
		{033B6B7D-A36D-4DAB-8115-9DF04293176D} = {498E31B0-27AC-427C-96BF-4EC7182E5BAA}
		{593EFF9E-E1F8-4D26-978E-66067B4AABEF} = {033B6B7D-A36D-4DAB-8115-9DF04293176D}
	EndGlobalSection
	GlobalSection(ExtensibilityGlobals) = postSolution
		SolutionGuid = {A0A35B40-8E27-4FDA-BFE6-1946E2E2EAA6}
	EndGlobalSection
EndGlobal
